
Microsoft Visual Studio Solution File, Format Version 12.00
# Visual Studio Version 16
VisualStudioVersion = 16.0.31410.357
MinimumVisualStudioVersion = 10.0.40219.1
Project("{9A19103F-16F7-4668-BE54-9A1E7A4F7556}") = "TestsInDocker", "TestsInDocker\TestsInDocker.csproj", "{2FA8944C-7E48-4110-A9F8-07290EF1249E}"
EndProject
Project("{2150E333-8FDC-42A3-9474-1A3956D46DE8}") = "GeneralFiles", "GeneralFiles", "{68093E07-0310-402C-ACED-D913AD26697B}"
	ProjectSection(SolutionItems) = preProject
		.dockerignore = .dockerignore
		PublichForUbuntu.ps1 = PublichForUbuntu.ps1
		..\README.md = ..\README.md
		RunContainer.ps1 = RunContainer.ps1
	EndProjectSection
EndProject
Project("{9A19103F-16F7-4668-BE54-9A1E7A4F7556}") = "TestsInDocker.MSTest", "TestsInDocker.MSTest\TestsInDocker.MSTest.csproj", "{75797121-3DD6-4ED3-AC9D-C363884C4107}"
EndProject
Project("{9A19103F-16F7-4668-BE54-9A1E7A4F7556}") = "TestsInDocker.NUnit", "TestsInDocker.NUnit\TestsInDocker.NUnit.csproj", "{72B239A1-001E-4421-9F6B-6A8086DAACBF}"
EndProject
Project("{9A19103F-16F7-4668-BE54-9A1E7A4F7556}") = "TestsInDocker.NUnit.UIAutomation", "TestsInDocker.NUnit.UIAutomation\TestsInDocker.NUnit.UIAutomation.csproj", "{13144B46-676C-4A49-A2F5-6EBD615F34F3}"
EndProject
Global
	GlobalSection(SolutionConfigurationPlatforms) = preSolution
		Debug|Any CPU = Debug|Any CPU
		Release|Any CPU = Release|Any CPU
	EndGlobalSection
	GlobalSection(ProjectConfigurationPlatforms) = postSolution
		{2FA8944C-7E48-4110-A9F8-07290EF1249E}.Debug|Any CPU.ActiveCfg = Debug|Any CPU
		{2FA8944C-7E48-4110-A9F8-07290EF1249E}.Debug|Any CPU.Build.0 = Debug|Any CPU
		{2FA8944C-7E48-4110-A9F8-07290EF1249E}.Release|Any CPU.ActiveCfg = Debug|Any CPU
		{2FA8944C-7E48-4110-A9F8-07290EF1249E}.Release|Any CPU.Build.0 = Debug|Any CPU
		{75797121-3DD6-4ED3-AC9D-C363884C4107}.Debug|Any CPU.ActiveCfg = Debug|Any CPU
		{75797121-3DD6-4ED3-AC9D-C363884C4107}.Debug|Any CPU.Build.0 = Debug|Any CPU
		{75797121-3DD6-4ED3-AC9D-C363884C4107}.Release|Any CPU.ActiveCfg = Debug|Any CPU
		{75797121-3DD6-4ED3-AC9D-C363884C4107}.Release|Any CPU.Build.0 = Debug|Any CPU
		{72B239A1-001E-4421-9F6B-6A8086DAACBF}.Debug|Any CPU.ActiveCfg = Debug|Any CPU
		{72B239A1-001E-4421-9F6B-6A8086DAACBF}.Debug|Any CPU.Build.0 = Debug|Any CPU
		{72B239A1-001E-4421-9F6B-6A8086DAACBF}.Release|Any CPU.ActiveCfg = Debug|Any CPU
		{72B239A1-001E-4421-9F6B-6A8086DAACBF}.Release|Any CPU.Build.0 = Debug|Any CPU
		{13144B46-676C-4A49-A2F5-6EBD615F34F3}.Debug|Any CPU.ActiveCfg = Debug|Any CPU
		{13144B46-676C-4A49-A2F5-6EBD615F34F3}.Debug|Any CPU.Build.0 = Debug|Any CPU
		{13144B46-676C-4A49-A2F5-6EBD615F34F3}.Release|Any CPU.ActiveCfg = Debug|Any CPU
		{13144B46-676C-4A49-A2F5-6EBD615F34F3}.Release|Any CPU.Build.0 = Debug|Any CPU
	EndGlobalSection
	GlobalSection(SolutionProperties) = preSolution
		HideSolutionNode = FALSE
	EndGlobalSection
	GlobalSection(ExtensibilityGlobals) = postSolution
		SolutionGuid = {AE961A7D-A969-402E-AA38-3078CAFBB3D5}
	EndGlobalSection
EndGlobal
